
Microsoft Visual Studio Solution File, Format Version 12.00
# Visual Studio Version 16
VisualStudioVersion = 16.0.31729.503
MinimumVisualStudioVersion = 10.0.40219.1
Project("{FAE04EC0-301F-11D3-BF4B-00C04F79EFBC}") = "CropTop", "CropTop\CropTop.csproj", "{92423071-8FFF-4438-A07B-A2FA812E571A}"
EndProject
Global
	GlobalSection(SolutionConfigurationPlatforms) = preSolution
		Debug|Any CPU = Debug|Any CPU
		Release|Any CPU = Release|Any CPU
	EndGlobalSection
	GlobalSection(ProjectConfigurationPlatforms) = postSolution
		{92423071-8FFF-4438-A07B-A2FA812E571A}.Debug|Any CPU.ActiveCfg = Debug|Any CPU
		{92423071-8FFF-4438-A07B-A2FA812E571A}.Debug|Any CPU.Build.0 = Debug|Any CPU
		{92423071-8FFF-4438-A07B-A2FA812E571A}.Release|Any CPU.ActiveCfg = Release|Any CPU
		{92423071-8FFF-4438-A07B-A2FA812E571A}.Release|Any CPU.Build.0 = Release|Any CPU
	EndGlobalSection
	GlobalSection(SolutionProperties) = preSolution
		HideSolutionNode = FALSE
	EndGlobalSection
	GlobalSection(ExtensibilityGlobals) = postSolution
		SolutionGuid = {A604DCD2-ECF1-4066-8993-0D33FC257044}
	EndGlobalSection
EndGlobal
